
Microsoft Visual Studio Solution File, Format Version 12.00
# Visual Studio Version 17
VisualStudioVersion = 17.8.34330.188
MinimumVisualStudioVersion = 10.0.40219.1
Project("{9A19103F-16F7-4668-BE54-9A1E7A4F7556}") = "fileorg", "fileorg\fileorg.csproj", "{2B4B96D2-4B62-4B35-A8EC-BDC8DB8DDADE}"
EndProject
Global
	GlobalSection(SolutionConfigurationPlatforms) = preSolution
		Debug|Any CPU = Debug|Any CPU
		Release|Any CPU = Release|Any CPU
	EndGlobalSection
	GlobalSection(ProjectConfigurationPlatforms) = postSolution
		{2B4B96D2-4B62-4B35-A8EC-BDC8DB8DDADE}.Debug|Any CPU.ActiveCfg = Debug|Any CPU
		{2B4B96D2-4B62-4B35-A8EC-BDC8DB8DDADE}.Debug|Any CPU.Build.0 = Debug|Any CPU
		{2B4B96D2-4B62-4B35-A8EC-BDC8DB8DDADE}.Release|Any CPU.ActiveCfg = Release|Any CPU
		{2B4B96D2-4B62-4B35-A8EC-BDC8DB8DDADE}.Release|Any CPU.Build.0 = Release|Any CPU
	EndGlobalSection
	GlobalSection(SolutionProperties) = preSolution
		HideSolutionNode = FALSE
	EndGlobalSection
	GlobalSection(ExtensibilityGlobals) = postSolution
		SolutionGuid = {288C851E-07E5-4AE2-85FD-DF85F3FF004A}
	EndGlobalSection
EndGlobal
